
Microsoft Visual Studio Solution File, Format Version 12.00
# Visual Studio Version 16
VisualStudioVersion = 16.0.30907.101
MinimumVisualStudioVersion = 10.0.40219.1
Project("{FAE04EC0-301F-11D3-BF4B-00C04F79EFBC}") = "Rapsody", "Rapsody\Rapsody.csproj", "{47AB002F-8A04-40D1-922A-98F345664B6F}"
EndProject
Global
	GlobalSection(SolutionConfigurationPlatforms) = preSolution
		Debug|Any CPU = Debug|Any CPU
		Release|Any CPU = Release|Any CPU
	EndGlobalSection
	GlobalSection(ProjectConfigurationPlatforms) = postSolution
		{47AB002F-8A04-40D1-922A-98F345664B6F}.Debug|Any CPU.ActiveCfg = Debug|Any CPU
		{47AB002F-8A04-40D1-922A-98F345664B6F}.Debug|Any CPU.Build.0 = Debug|Any CPU
		{47AB002F-8A04-40D1-922A-98F345664B6F}.Release|Any CPU.ActiveCfg = Release|Any CPU
		{47AB002F-8A04-40D1-922A-98F345664B6F}.Release|Any CPU.Build.0 = Release|Any CPU
	EndGlobalSection
	GlobalSection(SolutionProperties) = preSolution
		HideSolutionNode = FALSE
	EndGlobalSection
	GlobalSection(ExtensibilityGlobals) = postSolution
		SolutionGuid = {2DDE4D86-8BE9-4083-BC94-AF68FC2E61D3}
	EndGlobalSection
EndGlobal
